
Microsoft Visual Studio Solution File, Format Version 12.00
# Visual Studio Version 16
VisualStudioVersion = 16.0.30907.101
MinimumVisualStudioVersion = 10.0.40219.1
Project("{9A19103F-16F7-4668-BE54-9A1E7A4F7556}") = "Proyecto Cine metodologia", "Proyecto Cine metodologia\Proyecto Cine metodologia.csproj", "{04649411-03CF-4C48-B336-48BECD3AB31C}"
EndProject
Project("{9A19103F-16F7-4668-BE54-9A1E7A4F7556}") = "Tests", "Tests\Tests.csproj", "{4208F91E-7CEC-4CDE-8D27-E604A68D5221}"
EndProject
Project("{FAE04EC0-301F-11D3-BF4B-00C04F79EFBC}") = "Funcion colas", "Funcion colas\Funcion colas.csproj", "{9577A62C-8769-4E2A-B7CB-ED03D95AA9C2}"
EndProject
Project("{FAE04EC0-301F-11D3-BF4B-00C04F79EFBC}") = "Funcion HTTP", "Funcion HTTP\Funcion HTTP.csproj", "{034AF3E6-06AC-4B0A-92C7-38A0F7E1F1CF}"
EndProject
Global
	GlobalSection(SolutionConfigurationPlatforms) = preSolution
		Debug|Any CPU = Debug|Any CPU
		Release|Any CPU = Release|Any CPU
	EndGlobalSection
	GlobalSection(ProjectConfigurationPlatforms) = postSolution
		{04649411-03CF-4C48-B336-48BECD3AB31C}.Debug|Any CPU.ActiveCfg = Debug|Any CPU
		{04649411-03CF-4C48-B336-48BECD3AB31C}.Debug|Any CPU.Build.0 = Debug|Any CPU
		{04649411-03CF-4C48-B336-48BECD3AB31C}.Release|Any CPU.ActiveCfg = Release|Any CPU
		{04649411-03CF-4C48-B336-48BECD3AB31C}.Release|Any CPU.Build.0 = Release|Any CPU
		{4208F91E-7CEC-4CDE-8D27-E604A68D5221}.Debug|Any CPU.ActiveCfg = Debug|Any CPU
		{4208F91E-7CEC-4CDE-8D27-E604A68D5221}.Debug|Any CPU.Build.0 = Debug|Any CPU
		{4208F91E-7CEC-4CDE-8D27-E604A68D5221}.Release|Any CPU.ActiveCfg = Release|Any CPU
		{4208F91E-7CEC-4CDE-8D27-E604A68D5221}.Release|Any CPU.Build.0 = Release|Any CPU
		{9577A62C-8769-4E2A-B7CB-ED03D95AA9C2}.Debug|Any CPU.ActiveCfg = Debug|Any CPU
		{9577A62C-8769-4E2A-B7CB-ED03D95AA9C2}.Debug|Any CPU.Build.0 = Debug|Any CPU
		{9577A62C-8769-4E2A-B7CB-ED03D95AA9C2}.Release|Any CPU.ActiveCfg = Release|Any CPU
		{9577A62C-8769-4E2A-B7CB-ED03D95AA9C2}.Release|Any CPU.Build.0 = Release|Any CPU
		{034AF3E6-06AC-4B0A-92C7-38A0F7E1F1CF}.Debug|Any CPU.ActiveCfg = Debug|Any CPU
		{034AF3E6-06AC-4B0A-92C7-38A0F7E1F1CF}.Debug|Any CPU.Build.0 = Debug|Any CPU
		{034AF3E6-06AC-4B0A-92C7-38A0F7E1F1CF}.Release|Any CPU.ActiveCfg = Release|Any CPU
		{034AF3E6-06AC-4B0A-92C7-38A0F7E1F1CF}.Release|Any CPU.Build.0 = Release|Any CPU
	EndGlobalSection
	GlobalSection(SolutionProperties) = preSolution
		HideSolutionNode = FALSE
	EndGlobalSection
	GlobalSection(ExtensibilityGlobals) = postSolution
		SolutionGuid = {C414DD1A-AF09-4FE8-8269-5D405E905BEC}
	EndGlobalSection
EndGlobal
